{
  "version": "3",
  "packages": {
    "specifiers": {
      "npm:@fullcalendar/core": "npm:@fullcalendar/core@6.1.15",
      "npm:@fullcalendar/react": "npm:@fullcalendar/react@6.1.15_@fullcalendar+core@6.1.15_react@18.3.1_react-dom@18.3.1__react@18.3.1",
      "npm:zustand": "npm:zustand@5.0.0"
    },
    "npm": {
      "@fullcalendar/core@6.1.15": {
        "integrity": "sha512-BuX7o6ALpLb84cMw1FCB9/cSgF4JbVO894cjJZ6kP74jzbUZNjtwffwRdA+Id8rrLjT30d/7TrkW90k4zbXB5Q==",
        "dependencies": {
          "preact": "preact@10.12.1"
        }
      },
      "@fullcalendar/react@6.1.15_@fullcalendar+core@6.1.15_react@18.3.1_react-dom@18.3.1__react@18.3.1": {
        "integrity": "sha512-L0b9hybS2J4e7lq6G2CD4nqriyLEqOH1tE8iI6JQjAMTVh5JicOo5Mqw+fhU5bJ7hLfMw2K3fksxX3Ul1ssw5w==",
        "dependencies": {
          "@fullcalendar/core": "@fullcalendar/core@6.1.15",
          "react": "react@18.3.1",
          "react-dom": "react-dom@18.3.1_react@18.3.1"
        }
      },
      "js-tokens@4.0.0": {
        "integrity": "sha512-RdJUflcE3cUzKiMqQgsCu06FPu9UdIJO0beYbPhHN4k6apgJtifcoCtT9bcxOpYBtpD2kCM6Sbzg4CausW/PKQ==",
        "dependencies": {}
      },
      "loose-envify@1.4.0": {
        "integrity": "sha512-lyuxPGr/Wfhrlem2CL/UcnUc1zcqKAImBDzukY7Y5F/yQiNdko6+fRLevlw1HgMySw7f611UIY408EtxRSoK3Q==",
        "dependencies": {
          "js-tokens": "js-tokens@4.0.0"
        }
      },
      "preact@10.12.1": {
        "integrity": "sha512-l8386ixSsBdbreOAkqtrwqHwdvR35ID8c3rKPa8lCWuO86dBi32QWHV4vfsZK1utLLFMvw+Z5Ad4XLkZzchscg==",
        "dependencies": {}
      },
      "react-dom@18.3.1_react@18.3.1": {
        "integrity": "sha512-5m4nQKp+rZRb09LNH59GM4BxTh9251/ylbKIbpe7TpGxfJ+9kv6BLkLBXIjjspbgbnIBNqlI23tRnTWT0snUIw==",
        "dependencies": {
          "loose-envify": "loose-envify@1.4.0",
          "react": "react@18.3.1",
          "scheduler": "scheduler@0.23.2"
        }
      },
      "react@18.3.1": {
        "integrity": "sha512-wS+hAgJShR0KhEvPJArfuPVN1+Hz1t0Y6n5jLrGQbkb4urgPE/0Rve+1kMB1v/oWgHgm4WIcV+i7F2pTVj+2iQ==",
        "dependencies": {
          "loose-envify": "loose-envify@1.4.0"
        }
      },
      "scheduler@0.23.2": {
        "integrity": "sha512-UOShsPwz7NrMUqhR6t0hWjFduvOzbtv7toDH1/hIrfRNIDBnnBWd0CwJTGvTpngVlmwGCdP9/Zl/tVrDqcuYzQ==",
        "dependencies": {
          "loose-envify": "loose-envify@1.4.0"
        }
      },
      "zustand@5.0.0": {
        "integrity": "sha512-LE+VcmbartOPM+auOjCCLQOsQ05zUTp8RkgwRzefUk+2jISdMMFnxvyTjA4YNWr5ZGXYbVsEMZosttuxUBkojQ==",
        "dependencies": {}
      }
    }
  },
  "remote": {}
}
